
Microsoft Visual Studio Solution File, Format Version 12.00
# Visual Studio Version 16
VisualStudioVersion = 16.0.31005.135
MinimumVisualStudioVersion = 10.0.40219.1
Project("{FAE04EC0-301F-11D3-BF4B-00C04F79EFBC}") = "ArrayPrinter", "ArrayPrinter\ArrayPrinter.csproj", "{B49FE1E8-5C10-42AF-86E5-2C9B9DCB183D}"
EndProject
Global
	GlobalSection(SolutionConfigurationPlatforms) = preSolution
		Debug|Any CPU = Debug|Any CPU
		Release|Any CPU = Release|Any CPU
	EndGlobalSection
	GlobalSection(ProjectConfigurationPlatforms) = postSolution
		{B49FE1E8-5C10-42AF-86E5-2C9B9DCB183D}.Debug|Any CPU.ActiveCfg = Debug|Any CPU
		{B49FE1E8-5C10-42AF-86E5-2C9B9DCB183D}.Debug|Any CPU.Build.0 = Debug|Any CPU
		{B49FE1E8-5C10-42AF-86E5-2C9B9DCB183D}.Release|Any CPU.ActiveCfg = Release|Any CPU
		{B49FE1E8-5C10-42AF-86E5-2C9B9DCB183D}.Release|Any CPU.Build.0 = Release|Any CPU
	EndGlobalSection
	GlobalSection(SolutionProperties) = preSolution
		HideSolutionNode = FALSE
	EndGlobalSection
	GlobalSection(ExtensibilityGlobals) = postSolution
		SolutionGuid = {513500C3-3D28-4564-946A-78EFB765C054}
	EndGlobalSection
EndGlobal
